// !$*UTF8*$!
{
	archiveVersion = 1;
	classes = {
	};
	objectVersion = 56;
	objects = {

/* Begin PBXBuildFile section */
		494548702CF6258400DABF61 /* CustomDatePicker.swift in Sources */ = {isa = PBXBuildFile; fileRef = 4945486F2CF6257900DABF61 /* CustomDatePicker.swift */; };
		494548752CF625CE00DABF61 /* DateValue.swift in Sources */ = {isa = PBXBuildFile; fileRef = 494548742CF625C900DABF61 /* DateValue.swift */; };
		494548772CF625DB00DABF61 /* Task.swift in Sources */ = {isa = PBXBuildFile; fileRef = 494548762CF625D700DABF61 /* Task.swift */; };
		49A5DB832CF5E33F00AB25A6 /* CoordinateRecommendViewModel.swift in Sources */ = {isa = PBXBuildFile; fileRef = 49A5DB822CF5E33A00AB25A6 /* CoordinateRecommendViewModel.swift */; };
		49A5DB862CF6090900AB25A6 /* ScheduleView.swift in Sources */ = {isa = PBXBuildFile; fileRef = 49A5DB852CF6090500AB25A6 /* ScheduleView.swift */; };
		49A5DB882CF6099C00AB25A6 /* ScheduleViewModel.swift in Sources */ = {isa = PBXBuildFile; fileRef = 49A5DB872CF6099200AB25A6 /* ScheduleViewModel.swift */; };
		49A5DB8C2CF60A0600AB25A6 /* GoogleCalendar.swift in Sources */ = {isa = PBXBuildFile; fileRef = 49A5DB8B2CF60A0000AB25A6 /* GoogleCalendar.swift */; };
		D417412A2CF583B900D4F3D2 /* deauApp.swift in Sources */ = {isa = PBXBuildFile; fileRef = D41741292CF583B900D4F3D2 /* deauApp.swift */; };
		D417412C2CF583B900D4F3D2 /* ContentView.swift in Sources */ = {isa = PBXBuildFile; fileRef = D417412B2CF583B900D4F3D2 /* ContentView.swift */; };
		D417412E2CF583BB00D4F3D2 /* Assets.xcassets in Resources */ = {isa = PBXBuildFile; fileRef = D417412D2CF583BB00D4F3D2 /* Assets.xcassets */; };
		D41741312CF583BB00D4F3D2 /* Preview Assets.xcassets in Resources */ = {isa = PBXBuildFile; fileRef = D41741302CF583BB00D4F3D2 /* Preview Assets.xcassets */; };
		D417413B2CF583BC00D4F3D2 /* deauTests.swift in Sources */ = {isa = PBXBuildFile; fileRef = D417413A2CF583BC00D4F3D2 /* deauTests.swift */; };
		D41741452CF583BC00D4F3D2 /* deauUITests.swift in Sources */ = {isa = PBXBuildFile; fileRef = D41741442CF583BC00D4F3D2 /* deauUITests.swift */; };
		D41741472CF583BC00D4F3D2 /* deauUITestsLaunchTests.swift in Sources */ = {isa = PBXBuildFile; fileRef = D41741462CF583BC00D4F3D2 /* deauUITestsLaunchTests.swift */; };
		D41741552CF584AD00D4F3D2 /* CoordinateRecommendView.swift in Sources */ = {isa = PBXBuildFile; fileRef = D41741542CF584AD00D4F3D2 /* CoordinateRecommendView.swift */; };
		D486C9B32CF6755E00FE2FF9 /* HTTPMethod.swift in Sources */ = {isa = PBXBuildFile; fileRef = D486C9B22CF6755E00FE2FF9 /* HTTPMethod.swift */; };
		D486C9B62CF6756500FE2FF9 /* APIClient.swift in Sources */ = {isa = PBXBuildFile; fileRef = D486C9B42CF6756500FE2FF9 /* APIClient.swift */; };
		D486C9B72CF6756500FE2FF9 /* HTTPError.swift in Sources */ = {isa = PBXBuildFile; fileRef = D486C9B52CF6756500FE2FF9 /* HTTPError.swift */; };
		D486C9BD2CF6756B00FE2FF9 /* CoordinateRecommendRequest.swift in Sources */ = {isa = PBXBuildFile; fileRef = D486C9B92CF6756B00FE2FF9 /* CoordinateRecommendRequest.swift */; };
		D486C9BE2CF6756B00FE2FF9 /* CoordinateRecommendResponse.swift in Sources */ = {isa = PBXBuildFile; fileRef = D486C9BB2CF6756B00FE2FF9 /* CoordinateRecommendResponse.swift */; };
		D486C9BF2CF6756B00FE2FF9 /* APIRequestProtocol.swift in Sources */ = {isa = PBXBuildFile; fileRef = D486C9B82CF6756B00FE2FF9 /* APIRequestProtocol.swift */; };
		D486C9C22CF686D100FE2FF9 /* FirebaseAnalytics in Frameworks */ = {isa = PBXBuildFile; productRef = D486C9C12CF686D100FE2FF9 /* FirebaseAnalytics */; };
		D486C9C42CF686D100FE2FF9 /* FirebaseAnalyticsOnDeviceConversion in Frameworks */ = {isa = PBXBuildFile; productRef = D486C9C32CF686D100FE2FF9 /* FirebaseAnalyticsOnDeviceConversion */; };
		D486C9C62CF686D100FE2FF9 /* FirebaseAnalyticsWithoutAdIdSupport in Frameworks */ = {isa = PBXBuildFile; productRef = D486C9C52CF686D100FE2FF9 /* FirebaseAnalyticsWithoutAdIdSupport */; };
		D486C9C82CF686D100FE2FF9 /* FirebaseAppCheck in Frameworks */ = {isa = PBXBuildFile; productRef = D486C9C72CF686D100FE2FF9 /* FirebaseAppCheck */; };
		D486C9CA2CF686D100FE2FF9 /* FirebaseAppDistribution-Beta in Frameworks */ = {isa = PBXBuildFile; productRef = D486C9C92CF686D100FE2FF9 /* FirebaseAppDistribution-Beta */; };
		D486C9CC2CF688A400FE2FF9 /* AppDelegate.swift in Sources */ = {isa = PBXBuildFile; fileRef = D486C9CB2CF688A100FE2FF9 /* AppDelegate.swift */; };
		D486C9CE2CF688D700FE2FF9 /* GoogleService-Info.plist in Resources */ = {isa = PBXBuildFile; fileRef = D486C9CD2CF688D700FE2FF9 /* GoogleService-Info.plist */; };
		D486C9D22CF696DE00FE2FF9 /* FirebaseAnalytics in Frameworks */ = {isa = PBXBuildFile; productRef = D486C9D12CF696DE00FE2FF9 /* FirebaseAnalytics */; };
		D486C9D42CF696DE00FE2FF9 /* FirebaseAuth in Frameworks */ = {isa = PBXBuildFile; productRef = D486C9D32CF696DE00FE2FF9 /* FirebaseAuth */; };
		D486C9D62CF696DE00FE2FF9 /* FirebaseCore in Frameworks */ = {isa = PBXBuildFile; productRef = D486C9D52CF696DE00FE2FF9 /* FirebaseCore */; };
		D486C9D82CF696DE00FE2FF9 /* FirebaseDynamicLinks in Frameworks */ = {isa = PBXBuildFile; productRef = D486C9D72CF696DE00FE2FF9 /* FirebaseDynamicLinks */; };
		D486C9DA2CF696DE00FE2FF9 /* FirebaseFirestore in Frameworks */ = {isa = PBXBuildFile; productRef = D486C9D92CF696DE00FE2FF9 /* FirebaseFirestore */; };
		D486C9DC2CF696DE00FE2FF9 /* FirebaseMessaging in Frameworks */ = {isa = PBXBuildFile; productRef = D486C9DB2CF696DE00FE2FF9 /* FirebaseMessaging */; };
		D486C9DE2CF696DE00FE2FF9 /* FirebaseStorage in Frameworks */ = {isa = PBXBuildFile; productRef = D486C9DD2CF696DE00FE2FF9 /* FirebaseStorage */; };
		D486C9E12CF6979B00FE2FF9 /* PushNotificationResponse.swift in Sources */ = {isa = PBXBuildFile; fileRef = D486C9E02CF6979B00FE2FF9 /* PushNotificationResponse.swift */; };
		D486C9E22CF6979B00FE2FF9 /* PushNotification.swift in Sources */ = {isa = PBXBuildFile; fileRef = D486C9DF2CF6979B00FE2FF9 /* PushNotification.swift */; };
		D486C9E52CF69A5F00FE2FF9 /* Alamofire in Frameworks */ = {isa = PBXBuildFile; productRef = D486C9E42CF69A5F00FE2FF9 /* Alamofire */; };
/* End PBXBuildFile section */

/* Begin PBXContainerItemProxy section */
		D41741372CF583BC00D4F3D2 /* PBXContainerItemProxy */ = {
			isa = PBXContainerItemProxy;
			containerPortal = D417411E2CF583B900D4F3D2 /* Project object */;
			proxyType = 1;
			remoteGlobalIDString = D41741252CF583B900D4F3D2;
			remoteInfo = deau;
		};
		D41741412CF583BC00D4F3D2 /* PBXContainerItemProxy */ = {
			isa = PBXContainerItemProxy;
			containerPortal = D417411E2CF583B900D4F3D2 /* Project object */;
			proxyType = 1;
			remoteGlobalIDString = D41741252CF583B900D4F3D2;
			remoteInfo = deau;
		};
/* End PBXContainerItemProxy section */

/* Begin PBXFileReference section */
		4945486F2CF6257900DABF61 /* CustomDatePicker.swift */ = {isa = PBXFileReference; lastKnownFileType = sourcecode.swift; path = CustomDatePicker.swift; sourceTree = "<group>"; };
		494548742CF625C900DABF61 /* DateValue.swift */ = {isa = PBXFileReference; lastKnownFileType = sourcecode.swift; path = DateValue.swift; sourceTree = "<group>"; };
		494548762CF625D700DABF61 /* Task.swift */ = {isa = PBXFileReference; lastKnownFileType = sourcecode.swift; path = Task.swift; sourceTree = "<group>"; };
		49A5DB822CF5E33A00AB25A6 /* CoordinateRecommendViewModel.swift */ = {isa = PBXFileReference; lastKnownFileType = sourcecode.swift; path = CoordinateRecommendViewModel.swift; sourceTree = "<group>"; };
		49A5DB852CF6090500AB25A6 /* ScheduleView.swift */ = {isa = PBXFileReference; lastKnownFileType = sourcecode.swift; path = ScheduleView.swift; sourceTree = "<group>"; };
		49A5DB872CF6099200AB25A6 /* ScheduleViewModel.swift */ = {isa = PBXFileReference; lastKnownFileType = sourcecode.swift; path = ScheduleViewModel.swift; sourceTree = "<group>"; };
		49A5DB8B2CF60A0000AB25A6 /* GoogleCalendar.swift */ = {isa = PBXFileReference; lastKnownFileType = sourcecode.swift; path = GoogleCalendar.swift; sourceTree = "<group>"; };
		D41741262CF583B900D4F3D2 /* deau.app */ = {isa = PBXFileReference; explicitFileType = wrapper.application; includeInIndex = 0; path = deau.app; sourceTree = BUILT_PRODUCTS_DIR; };
		D41741292CF583B900D4F3D2 /* deauApp.swift */ = {isa = PBXFileReference; lastKnownFileType = sourcecode.swift; path = deauApp.swift; sourceTree = "<group>"; };
		D417412B2CF583B900D4F3D2 /* ContentView.swift */ = {isa = PBXFileReference; lastKnownFileType = sourcecode.swift; path = ContentView.swift; sourceTree = "<group>"; };
		D417412D2CF583BB00D4F3D2 /* Assets.xcassets */ = {isa = PBXFileReference; lastKnownFileType = folder.assetcatalog; path = Assets.xcassets; sourceTree = "<group>"; };
		D41741302CF583BB00D4F3D2 /* Preview Assets.xcassets */ = {isa = PBXFileReference; lastKnownFileType = folder.assetcatalog; path = "Preview Assets.xcassets"; sourceTree = "<group>"; };
		D41741362CF583BC00D4F3D2 /* deauTests.xctest */ = {isa = PBXFileReference; explicitFileType = wrapper.cfbundle; includeInIndex = 0; path = deauTests.xctest; sourceTree = BUILT_PRODUCTS_DIR; };
		D417413A2CF583BC00D4F3D2 /* deauTests.swift */ = {isa = PBXFileReference; lastKnownFileType = sourcecode.swift; path = deauTests.swift; sourceTree = "<group>"; };
		D41741402CF583BC00D4F3D2 /* deauUITests.xctest */ = {isa = PBXFileReference; explicitFileType = wrapper.cfbundle; includeInIndex = 0; path = deauUITests.xctest; sourceTree = BUILT_PRODUCTS_DIR; };
		D41741442CF583BC00D4F3D2 /* deauUITests.swift */ = {isa = PBXFileReference; lastKnownFileType = sourcecode.swift; path = deauUITests.swift; sourceTree = "<group>"; };
		D41741462CF583BC00D4F3D2 /* deauUITestsLaunchTests.swift */ = {isa = PBXFileReference; lastKnownFileType = sourcecode.swift; path = deauUITestsLaunchTests.swift; sourceTree = "<group>"; };
		D41741542CF584AD00D4F3D2 /* CoordinateRecommendView.swift */ = {isa = PBXFileReference; lastKnownFileType = sourcecode.swift; path = CoordinateRecommendView.swift; sourceTree = "<group>"; };
		D486C9B22CF6755E00FE2FF9 /* HTTPMethod.swift */ = {isa = PBXFileReference; lastKnownFileType = sourcecode.swift; path = HTTPMethod.swift; sourceTree = "<group>"; };
		D486C9B42CF6756500FE2FF9 /* APIClient.swift */ = {isa = PBXFileReference; lastKnownFileType = sourcecode.swift; path = APIClient.swift; sourceTree = "<group>"; };
		D486C9B52CF6756500FE2FF9 /* HTTPError.swift */ = {isa = PBXFileReference; lastKnownFileType = sourcecode.swift; path = HTTPError.swift; sourceTree = "<group>"; };
		D486C9B82CF6756B00FE2FF9 /* APIRequestProtocol.swift */ = {isa = PBXFileReference; lastKnownFileType = sourcecode.swift; path = APIRequestProtocol.swift; sourceTree = "<group>"; };
		D486C9B92CF6756B00FE2FF9 /* CoordinateRecommendRequest.swift */ = {isa = PBXFileReference; lastKnownFileType = sourcecode.swift; path = CoordinateRecommendRequest.swift; sourceTree = "<group>"; };
		D486C9BB2CF6756B00FE2FF9 /* CoordinateRecommendResponse.swift */ = {isa = PBXFileReference; lastKnownFileType = sourcecode.swift; path = CoordinateRecommendResponse.swift; sourceTree = "<group>"; };
		D486C9CB2CF688A100FE2FF9 /* AppDelegate.swift */ = {isa = PBXFileReference; lastKnownFileType = sourcecode.swift; path = AppDelegate.swift; sourceTree = "<group>"; };
		D486C9CD2CF688D700FE2FF9 /* GoogleService-Info.plist */ = {isa = PBXFileReference; lastKnownFileType = text.plist.xml; path = "GoogleService-Info.plist"; sourceTree = "<group>"; };
		D486C9CF2CF6959600FE2FF9 /* deau.entitlements */ = {isa = PBXFileReference; lastKnownFileType = text.plist.entitlements; path = deau.entitlements; sourceTree = "<group>"; };
		D486C9DF2CF6979B00FE2FF9 /* PushNotification.swift */ = {isa = PBXFileReference; lastKnownFileType = sourcecode.swift; path = PushNotification.swift; sourceTree = "<group>"; };
		D486C9E02CF6979B00FE2FF9 /* PushNotificationResponse.swift */ = {isa = PBXFileReference; lastKnownFileType = sourcecode.swift; path = PushNotificationResponse.swift; sourceTree = "<group>"; };
/* End PBXFileReference section */

/* Begin PBXFrameworksBuildPhase section */
		D41741232CF583B900D4F3D2 /* Frameworks */ = {
			isa = PBXFrameworksBuildPhase;
			buildActionMask = 2147483647;
			files = (
				D486C9C82CF686D100FE2FF9 /* FirebaseAppCheck in Frameworks */,
				D486C9C22CF686D100FE2FF9 /* FirebaseAnalytics in Frameworks */,
				D486C9D22CF696DE00FE2FF9 /* FirebaseAnalytics in Frameworks */,
				D486C9DA2CF696DE00FE2FF9 /* FirebaseFirestore in Frameworks */,
				D486C9CA2CF686D100FE2FF9 /* FirebaseAppDistribution-Beta in Frameworks */,
				D486C9DE2CF696DE00FE2FF9 /* FirebaseStorage in Frameworks */,
				D486C9C62CF686D100FE2FF9 /* FirebaseAnalyticsWithoutAdIdSupport in Frameworks */,
				D486C9D82CF696DE00FE2FF9 /* FirebaseDynamicLinks in Frameworks */,
				D486C9D42CF696DE00FE2FF9 /* FirebaseAuth in Frameworks */,
				D486C9D62CF696DE00FE2FF9 /* FirebaseCore in Frameworks */,
				D486C9DC2CF696DE00FE2FF9 /* FirebaseMessaging in Frameworks */,
				D486C9C42CF686D100FE2FF9 /* FirebaseAnalyticsOnDeviceConversion in Frameworks */,
				D486C9E52CF69A5F00FE2FF9 /* Alamofire in Frameworks */,
			);
			runOnlyForDeploymentPostprocessing = 0;
		};
		D41741332CF583BC00D4F3D2 /* Frameworks */ = {
			isa = PBXFrameworksBuildPhase;
			buildActionMask = 2147483647;
			files = (
			);
			runOnlyForDeploymentPostprocessing = 0;
		};
		D417413D2CF583BC00D4F3D2 /* Frameworks */ = {
			isa = PBXFrameworksBuildPhase;
			buildActionMask = 2147483647;
			files = (
			);
			runOnlyForDeploymentPostprocessing = 0;
		};
/* End PBXFrameworksBuildPhase section */

/* Begin PBXGroup section */
		494548732CF625BE00DABF61 /* Entity */ = {
			isa = PBXGroup;
			children = (
				494548762CF625D700DABF61 /* Task.swift */,
				494548742CF625C900DABF61 /* DateValue.swift */,
			);
			path = Entity;
			sourceTree = "<group>";
		};
		49A5DB842CF608F600AB25A6 /* Schedule */ = {
			isa = PBXGroup;
			children = (
				4945486F2CF6257900DABF61 /* CustomDatePicker.swift */,
				49A5DB852CF6090500AB25A6 /* ScheduleView.swift */,
				49A5DB872CF6099200AB25A6 /* ScheduleViewModel.swift */,
			);
			path = Schedule;
			sourceTree = "<group>";
		};
		49A5DB892CF609EA00AB25A6 /* Domain */ = {
			isa = PBXGroup;
			children = (
				D486C9B12CF674FD00FE2FF9 /* API */,
				494548732CF625BE00DABF61 /* Entity */,
				49A5DB8A2CF609FA00AB25A6 /* Google */,
			);
			path = Domain;
			sourceTree = "<group>";
		};
		49A5DB8A2CF609FA00AB25A6 /* Google */ = {
			isa = PBXGroup;
			children = (
				D486C9DF2CF6979B00FE2FF9 /* PushNotification.swift */,
				D486C9E02CF6979B00FE2FF9 /* PushNotificationResponse.swift */,
				49A5DB8B2CF60A0000AB25A6 /* GoogleCalendar.swift */,
			);
			path = Google;
			sourceTree = "<group>";
		};
		D417411D2CF583B900D4F3D2 = {
			isa = PBXGroup;
			children = (
				D41741282CF583B900D4F3D2 /* deau */,
				D41741392CF583BC00D4F3D2 /* deauTests */,
				D41741432CF583BC00D4F3D2 /* deauUITests */,
				D41741272CF583B900D4F3D2 /* Products */,
			);
			sourceTree = "<group>";
		};
		D41741272CF583B900D4F3D2 /* Products */ = {
			isa = PBXGroup;
			children = (
				D41741262CF583B900D4F3D2 /* deau.app */,
				D41741362CF583BC00D4F3D2 /* deauTests.xctest */,
				D41741402CF583BC00D4F3D2 /* deauUITests.xctest */,
			);
			name = Products;
			sourceTree = "<group>";
		};
		D41741282CF583B900D4F3D2 /* deau */ = {
			isa = PBXGroup;
			children = (
				D486C9CF2CF6959600FE2FF9 /* deau.entitlements */,
				D486C9CD2CF688D700FE2FF9 /* GoogleService-Info.plist */,
				D486C9CB2CF688A100FE2FF9 /* AppDelegate.swift */,
				D41741562CF5875F00D4F3D2 /* Presentation */,
				49A5DB892CF609EA00AB25A6 /* Domain */,
				D41741292CF583B900D4F3D2 /* deauApp.swift */,
				D417412B2CF583B900D4F3D2 /* ContentView.swift */,
				D417412D2CF583BB00D4F3D2 /* Assets.xcassets */,
				D417412F2CF583BB00D4F3D2 /* Preview Content */,
			);
			path = deau;
			sourceTree = "<group>";
		};
		D417412F2CF583BB00D4F3D2 /* Preview Content */ = {
			isa = PBXGroup;
			children = (
				D41741302CF583BB00D4F3D2 /* Preview Assets.xcassets */,
			);
			path = "Preview Content";
			sourceTree = "<group>";
		};
		D41741392CF583BC00D4F3D2 /* deauTests */ = {
			isa = PBXGroup;
			children = (
				D417413A2CF583BC00D4F3D2 /* deauTests.swift */,
			);
			path = deauTests;
			sourceTree = "<group>";
		};
		D41741432CF583BC00D4F3D2 /* deauUITests */ = {
			isa = PBXGroup;
			children = (
				D41741442CF583BC00D4F3D2 /* deauUITests.swift */,
				D41741462CF583BC00D4F3D2 /* deauUITestsLaunchTests.swift */,
			);
			path = deauUITests;
			sourceTree = "<group>";
		};
		D41741532CF5848500D4F3D2 /* CoordinateRecommend */ = {
			isa = PBXGroup;
			children = (
				D41741542CF584AD00D4F3D2 /* CoordinateRecommendView.swift */,
				49A5DB822CF5E33A00AB25A6 /* CoordinateRecommendViewModel.swift */,
			);
			path = CoordinateRecommend;
			sourceTree = "<group>";
		};
		D41741562CF5875F00D4F3D2 /* Presentation */ = {
			isa = PBXGroup;
			children = (
				49A5DB842CF608F600AB25A6 /* Schedule */,
				D41741532CF5848500D4F3D2 /* CoordinateRecommend */,
			);
			path = Presentation;
			sourceTree = "<group>";
		};
		D486C9B12CF674FD00FE2FF9 /* API */ = {
			isa = PBXGroup;
			children = (
				D486C9BA2CF6756B00FE2FF9 /* Request */,
				D486C9BC2CF6756B00FE2FF9 /* Response */,
				D486C9B42CF6756500FE2FF9 /* APIClient.swift */,
				D486C9B52CF6756500FE2FF9 /* HTTPError.swift */,
				D486C9B22CF6755E00FE2FF9 /* HTTPMethod.swift */,
			);
			path = API;
			sourceTree = "<group>";
		};
		D486C9BA2CF6756B00FE2FF9 /* Request */ = {
			isa = PBXGroup;
			children = (
				D486C9B82CF6756B00FE2FF9 /* APIRequestProtocol.swift */,
				D486C9B92CF6756B00FE2FF9 /* CoordinateRecommendRequest.swift */,
			);
			path = Request;
			sourceTree = "<group>";
		};
		D486C9BC2CF6756B00FE2FF9 /* Response */ = {
			isa = PBXGroup;
			children = (
				D486C9BB2CF6756B00FE2FF9 /* CoordinateRecommendResponse.swift */,
			);
			path = Response;
			sourceTree = "<group>";
		};
/* End PBXGroup section */

/* Begin PBXNativeTarget section */
		D41741252CF583B900D4F3D2 /* deau */ = {
			isa = PBXNativeTarget;
			buildConfigurationList = D417414A2CF583BC00D4F3D2 /* Build configuration list for PBXNativeTarget "deau" */;
			buildPhases = (
				D41741222CF583B900D4F3D2 /* Sources */,
				D41741232CF583B900D4F3D2 /* Frameworks */,
				D41741242CF583B900D4F3D2 /* Resources */,
			);
			buildRules = (
			);
			dependencies = (
			);
			name = deau;
			productName = deau;
			productReference = D41741262CF583B900D4F3D2 /* deau.app */;
			productType = "com.apple.product-type.application";
		};
		D41741352CF583BC00D4F3D2 /* deauTests */ = {
			isa = PBXNativeTarget;
			buildConfigurationList = D417414D2CF583BC00D4F3D2 /* Build configuration list for PBXNativeTarget "deauTests" */;
			buildPhases = (
				D41741322CF583BC00D4F3D2 /* Sources */,
				D41741332CF583BC00D4F3D2 /* Frameworks */,
				D41741342CF583BC00D4F3D2 /* Resources */,
			);
			buildRules = (
			);
			dependencies = (
				D41741382CF583BC00D4F3D2 /* PBXTargetDependency */,
			);
			name = deauTests;
			productName = deauTests;
			productReference = D41741362CF583BC00D4F3D2 /* deauTests.xctest */;
			productType = "com.apple.product-type.bundle.unit-test";
		};
		D417413F2CF583BC00D4F3D2 /* deauUITests */ = {
			isa = PBXNativeTarget;
			buildConfigurationList = D41741502CF583BC00D4F3D2 /* Build configuration list for PBXNativeTarget "deauUITests" */;
			buildPhases = (
				D417413C2CF583BC00D4F3D2 /* Sources */,
				D417413D2CF583BC00D4F3D2 /* Frameworks */,
				D417413E2CF583BC00D4F3D2 /* Resources */,
			);
			buildRules = (
			);
			dependencies = (
				D41741422CF583BC00D4F3D2 /* PBXTargetDependency */,
			);
			name = deauUITests;
			productName = deauUITests;
			productReference = D41741402CF583BC00D4F3D2 /* deauUITests.xctest */;
			productType = "com.apple.product-type.bundle.ui-testing";
		};
/* End PBXNativeTarget section */

/* Begin PBXProject section */
		D417411E2CF583B900D4F3D2 /* Project object */ = {
			isa = PBXProject;
			attributes = {
				BuildIndependentTargetsInParallel = 1;
				LastSwiftUpdateCheck = 1500;
				LastUpgradeCheck = 1500;
				TargetAttributes = {
					D41741252CF583B900D4F3D2 = {
						CreatedOnToolsVersion = 15.0;
					};
					D41741352CF583BC00D4F3D2 = {
						CreatedOnToolsVersion = 15.0;
						TestTargetID = D41741252CF583B900D4F3D2;
					};
					D417413F2CF583BC00D4F3D2 = {
						CreatedOnToolsVersion = 15.0;
						TestTargetID = D41741252CF583B900D4F3D2;
					};
				};
			};
			buildConfigurationList = D41741212CF583B900D4F3D2 /* Build configuration list for PBXProject "deau" */;
			compatibilityVersion = "Xcode 14.0";
			developmentRegion = en;
			hasScannedForEncodings = 0;
			knownRegions = (
				en,
				Base,
			);
			mainGroup = D417411D2CF583B900D4F3D2;
			packageReferences = (
				D486C9D02CF696DE00FE2FF9 /* XCRemoteSwiftPackageReference "firebase-ios-sdk" */,
				D486C9E32CF69A5F00FE2FF9 /* XCRemoteSwiftPackageReference "Alamofire" */,
			);
			productRefGroup = D41741272CF583B900D4F3D2 /* Products */;
			projectDirPath = "";
			projectRoot = "";
			targets = (
				D41741252CF583B900D4F3D2 /* deau */,
				D41741352CF583BC00D4F3D2 /* deauTests */,
				D417413F2CF583BC00D4F3D2 /* deauUITests */,
			);
		};
/* End PBXProject section */

/* Begin PBXResourcesBuildPhase section */
		D41741242CF583B900D4F3D2 /* Resources */ = {
			isa = PBXResourcesBuildPhase;
			buildActionMask = 2147483647;
			files = (
				D41741312CF583BB00D4F3D2 /* Preview Assets.xcassets in Resources */,
				D417412E2CF583BB00D4F3D2 /* Assets.xcassets in Resources */,
				D486C9CE2CF688D700FE2FF9 /* GoogleService-Info.plist in Resources */,
			);
			runOnlyForDeploymentPostprocessing = 0;
		};
		D41741342CF583BC00D4F3D2 /* Resources */ = {
			isa = PBXResourcesBuildPhase;
			buildActionMask = 2147483647;
			files = (
			);
			runOnlyForDeploymentPostprocessing = 0;
		};
		D417413E2CF583BC00D4F3D2 /* Resources */ = {
			isa = PBXResourcesBuildPhase;
			buildActionMask = 2147483647;
			files = (
			);
			runOnlyForDeploymentPostprocessing = 0;
		};
/* End PBXResourcesBuildPhase section */

/* Begin PBXSourcesBuildPhase section */
		D41741222CF583B900D4F3D2 /* Sources */ = {
			isa = PBXSourcesBuildPhase;
			buildActionMask = 2147483647;
			files = (
				494548702CF6258400DABF61 /* CustomDatePicker.swift in Sources */,
				D486C9B62CF6756500FE2FF9 /* APIClient.swift in Sources */,
				D486C9B72CF6756500FE2FF9 /* HTTPError.swift in Sources */,
				49A5DB862CF6090900AB25A6 /* ScheduleView.swift in Sources */,
				49A5DB882CF6099C00AB25A6 /* ScheduleViewModel.swift in Sources */,
				D41741552CF584AD00D4F3D2 /* CoordinateRecommendView.swift in Sources */,
				494548772CF625DB00DABF61 /* Task.swift in Sources */,
				D417412C2CF583B900D4F3D2 /* ContentView.swift in Sources */,
				D417412A2CF583B900D4F3D2 /* deauApp.swift in Sources */,
				D486C9E12CF6979B00FE2FF9 /* PushNotificationResponse.swift in Sources */,
				D486C9E22CF6979B00FE2FF9 /* PushNotification.swift in Sources */,
				D486C9B32CF6755E00FE2FF9 /* HTTPMethod.swift in Sources */,
				D486C9BD2CF6756B00FE2FF9 /* CoordinateRecommendRequest.swift in Sources */,
				D486C9BE2CF6756B00FE2FF9 /* CoordinateRecommendResponse.swift in Sources */,
				D486C9BF2CF6756B00FE2FF9 /* APIRequestProtocol.swift in Sources */,
				49A5DB8C2CF60A0600AB25A6 /* GoogleCalendar.swift in Sources */,
				49A5DB832CF5E33F00AB25A6 /* CoordinateRecommendViewModel.swift in Sources */,
				D486C9CC2CF688A400FE2FF9 /* AppDelegate.swift in Sources */,
				494548752CF625CE00DABF61 /* DateValue.swift in Sources */,
			);
			runOnlyForDeploymentPostprocessing = 0;
		};
		D41741322CF583BC00D4F3D2 /* Sources */ = {
			isa = PBXSourcesBuildPhase;
			buildActionMask = 2147483647;
			files = (
				D417413B2CF583BC00D4F3D2 /* deauTests.swift in Sources */,
			);
			runOnlyForDeploymentPostprocessing = 0;
		};
		D417413C2CF583BC00D4F3D2 /* Sources */ = {
			isa = PBXSourcesBuildPhase;
			buildActionMask = 2147483647;
			files = (
				D41741452CF583BC00D4F3D2 /* deauUITests.swift in Sources */,
				D41741472CF583BC00D4F3D2 /* deauUITestsLaunchTests.swift in Sources */,
			);
			runOnlyForDeploymentPostprocessing = 0;
		};
/* End PBXSourcesBuildPhase section */

/* Begin PBXTargetDependency section */
		D41741382CF583BC00D4F3D2 /* PBXTargetDependency */ = {
			isa = PBXTargetDependency;
			target = D41741252CF583B900D4F3D2 /* deau */;
			targetProxy = D41741372CF583BC00D4F3D2 /* PBXContainerItemProxy */;
		};
		D41741422CF583BC00D4F3D2 /* PBXTargetDependency */ = {
			isa = PBXTargetDependency;
			target = D41741252CF583B900D4F3D2 /* deau */;
			targetProxy = D41741412CF583BC00D4F3D2 /* PBXContainerItemProxy */;
		};
/* End PBXTargetDependency section */

/* Begin XCBuildConfiguration section */
		D41741482CF583BC00D4F3D2 /* Debug */ = {
			isa = XCBuildConfiguration;
			buildSettings = {
				ALWAYS_SEARCH_USER_PATHS = NO;
				ASSETCATALOG_COMPILER_GENERATE_SWIFT_ASSET_SYMBOL_EXTENSIONS = YES;
				CLANG_ANALYZER_NONNULL = YES;
				CLANG_ANALYZER_NUMBER_OBJECT_CONVERSION = YES_AGGRESSIVE;
				CLANG_CXX_LANGUAGE_STANDARD = "gnu++20";
				CLANG_ENABLE_MODULES = YES;
				CLANG_ENABLE_OBJC_ARC = YES;
				CLANG_ENABLE_OBJC_WEAK = YES;
				CLANG_WARN_BLOCK_CAPTURE_AUTORELEASING = YES;
				CLANG_WARN_BOOL_CONVERSION = YES;
				CLANG_WARN_COMMA = YES;
				CLANG_WARN_CONSTANT_CONVERSION = YES;
				CLANG_WARN_DEPRECATED_OBJC_IMPLEMENTATIONS = YES;
				CLANG_WARN_DIRECT_OBJC_ISA_USAGE = YES_ERROR;
				CLANG_WARN_DOCUMENTATION_COMMENTS = YES;
				CLANG_WARN_EMPTY_BODY = YES;
				CLANG_WARN_ENUM_CONVERSION = YES;
				CLANG_WARN_INFINITE_RECURSION = YES;
				CLANG_WARN_INT_CONVERSION = YES;
				CLANG_WARN_NON_LITERAL_NULL_CONVERSION = YES;
				CLANG_WARN_OBJC_IMPLICIT_RETAIN_SELF = YES;
				CLANG_WARN_OBJC_LITERAL_CONVERSION = YES;
				CLANG_WARN_OBJC_ROOT_CLASS = YES_ERROR;
				CLANG_WARN_QUOTED_INCLUDE_IN_FRAMEWORK_HEADER = YES;
				CLANG_WARN_RANGE_LOOP_ANALYSIS = YES;
				CLANG_WARN_STRICT_PROTOTYPES = YES;
				CLANG_WARN_SUSPICIOUS_MOVE = YES;
				CLANG_WARN_UNGUARDED_AVAILABILITY = YES_AGGRESSIVE;
				CLANG_WARN_UNREACHABLE_CODE = YES;
				CLANG_WARN__DUPLICATE_METHOD_MATCH = YES;
				COPY_PHASE_STRIP = NO;
				DEBUG_INFORMATION_FORMAT = dwarf;
				ENABLE_STRICT_OBJC_MSGSEND = YES;
				ENABLE_TESTABILITY = YES;
				ENABLE_USER_SCRIPT_SANDBOXING = YES;
				GCC_C_LANGUAGE_STANDARD = gnu17;
				GCC_DYNAMIC_NO_PIC = NO;
				GCC_NO_COMMON_BLOCKS = YES;
				GCC_OPTIMIZATION_LEVEL = 0;
				GCC_PREPROCESSOR_DEFINITIONS = (
					"DEBUG=1",
					"$(inherited)",
				);
				GCC_WARN_64_TO_32_BIT_CONVERSION = YES;
				GCC_WARN_ABOUT_RETURN_TYPE = YES_ERROR;
				GCC_WARN_UNDECLARED_SELECTOR = YES;
				GCC_WARN_UNINITIALIZED_AUTOS = YES_AGGRESSIVE;
				GCC_WARN_UNUSED_FUNCTION = YES;
				GCC_WARN_UNUSED_VARIABLE = YES;
				IPHONEOS_DEPLOYMENT_TARGET = 17.0;
				LOCALIZATION_PREFERS_STRING_CATALOGS = YES;
				MTL_ENABLE_DEBUG_INFO = INCLUDE_SOURCE;
				MTL_FAST_MATH = YES;
				ONLY_ACTIVE_ARCH = YES;
				SDKROOT = iphoneos;
				SWIFT_ACTIVE_COMPILATION_CONDITIONS = "DEBUG $(inherited)";
				SWIFT_OPTIMIZATION_LEVEL = "-Onone";
			};
			name = Debug;
		};
		D41741492CF583BC00D4F3D2 /* Release */ = {
			isa = XCBuildConfiguration;
			buildSettings = {
				ALWAYS_SEARCH_USER_PATHS = NO;
				ASSETCATALOG_COMPILER_GENERATE_SWIFT_ASSET_SYMBOL_EXTENSIONS = YES;
				CLANG_ANALYZER_NONNULL = YES;
				CLANG_ANALYZER_NUMBER_OBJECT_CONVERSION = YES_AGGRESSIVE;
				CLANG_CXX_LANGUAGE_STANDARD = "gnu++20";
				CLANG_ENABLE_MODULES = YES;
				CLANG_ENABLE_OBJC_ARC = YES;
				CLANG_ENABLE_OBJC_WEAK = YES;
				CLANG_WARN_BLOCK_CAPTURE_AUTORELEASING = YES;
				CLANG_WARN_BOOL_CONVERSION = YES;
				CLANG_WARN_COMMA = YES;
				CLANG_WARN_CONSTANT_CONVERSION = YES;
				CLANG_WARN_DEPRECATED_OBJC_IMPLEMENTATIONS = YES;
				CLANG_WARN_DIRECT_OBJC_ISA_USAGE = YES_ERROR;
				CLANG_WARN_DOCUMENTATION_COMMENTS = YES;
				CLANG_WARN_EMPTY_BODY = YES;
				CLANG_WARN_ENUM_CONVERSION = YES;
				CLANG_WARN_INFINITE_RECURSION = YES;
				CLANG_WARN_INT_CONVERSION = YES;
				CLANG_WARN_NON_LITERAL_NULL_CONVERSION = YES;
				CLANG_WARN_OBJC_IMPLICIT_RETAIN_SELF = YES;
				CLANG_WARN_OBJC_LITERAL_CONVERSION = YES;
				CLANG_WARN_OBJC_ROOT_CLASS = YES_ERROR;
				CLANG_WARN_QUOTED_INCLUDE_IN_FRAMEWORK_HEADER = YES;
				CLANG_WARN_RANGE_LOOP_ANALYSIS = YES;
				CLANG_WARN_STRICT_PROTOTYPES = YES;
				CLANG_WARN_SUSPICIOUS_MOVE = YES;
				CLANG_WARN_UNGUARDED_AVAILABILITY = YES_AGGRESSIVE;
				CLANG_WARN_UNREACHABLE_CODE = YES;
				CLANG_WARN__DUPLICATE_METHOD_MATCH = YES;
				COPY_PHASE_STRIP = NO;
				DEBUG_INFORMATION_FORMAT = "dwarf-with-dsym";
				ENABLE_NS_ASSERTIONS = NO;
				ENABLE_STRICT_OBJC_MSGSEND = YES;
				ENABLE_USER_SCRIPT_SANDBOXING = YES;
				GCC_C_LANGUAGE_STANDARD = gnu17;
				GCC_NO_COMMON_BLOCKS = YES;
				GCC_WARN_64_TO_32_BIT_CONVERSION = YES;
				GCC_WARN_ABOUT_RETURN_TYPE = YES_ERROR;
				GCC_WARN_UNDECLARED_SELECTOR = YES;
				GCC_WARN_UNINITIALIZED_AUTOS = YES_AGGRESSIVE;
				GCC_WARN_UNUSED_FUNCTION = YES;
				GCC_WARN_UNUSED_VARIABLE = YES;
				IPHONEOS_DEPLOYMENT_TARGET = 17.0;
				LOCALIZATION_PREFERS_STRING_CATALOGS = YES;
				MTL_ENABLE_DEBUG_INFO = NO;
				MTL_FAST_MATH = YES;
				SDKROOT = iphoneos;
				SWIFT_COMPILATION_MODE = wholemodule;
				VALIDATE_PRODUCT = YES;
			};
			name = Release;
		};
		D417414B2CF583BC00D4F3D2 /* Debug */ = {
			isa = XCBuildConfiguration;
			buildSettings = {
				ASSETCATALOG_COMPILER_APPICON_NAME = AppIcon;
				ASSETCATALOG_COMPILER_GLOBAL_ACCENT_COLOR_NAME = AccentColor;
				CODE_SIGN_ENTITLEMENTS = deau/deau.entitlements;
				"CODE_SIGN_IDENTITY[sdk=iphoneos*]" = "iPhone Developer";
				CODE_SIGN_STYLE = Manual;
				CURRENT_PROJECT_VERSION = 1;
				DEVELOPMENT_ASSET_PATHS = "\"deau/Preview Content\"";
				DEVELOPMENT_TEAM = "";
				"DEVELOPMENT_TEAM[sdk=iphoneos*]" = BR3T8YBB5L;
				ENABLE_PREVIEWS = YES;
				GENERATE_INFOPLIST_FILE = YES;
				INFOPLIST_KEY_UIApplicationSceneManifest_Generation = YES;
				INFOPLIST_KEY_UIApplicationSupportsIndirectInputEvents = YES;
				INFOPLIST_KEY_UILaunchScreen_Generation = YES;
				INFOPLIST_KEY_UISupportedInterfaceOrientations_iPad = "UIInterfaceOrientationPortrait UIInterfaceOrientationPortraitUpsideDown UIInterfaceOrientationLandscapeLeft UIInterfaceOrientationLandscapeRight";
				INFOPLIST_KEY_UISupportedInterfaceOrientations_iPhone = "UIInterfaceOrientationPortrait UIInterfaceOrientationLandscapeLeft UIInterfaceOrientationLandscapeRight";
				LD_RUNPATH_SEARCH_PATHS = (
					"$(inherited)",
					"@executable_path/Frameworks",
				);
				MARKETING_VERSION = 1.0;
				PRODUCT_BUNDLE_IDENTIFIER = com.gmail.yuukirinnma.deau;
				PRODUCT_NAME = "$(TARGET_NAME)";
				PROVISIONING_PROFILE_SPECIFIER = "";
				"PROVISIONING_PROFILE_SPECIFIER[sdk=iphoneos*]" = NiaunideauProvisioningProfile;
				SWIFT_EMIT_LOC_STRINGS = YES;
				SWIFT_VERSION = 5.0;
				TARGETED_DEVICE_FAMILY = "1,2";
			};
			name = Debug;
		};
		D417414C2CF583BC00D4F3D2 /* Release */ = {
			isa = XCBuildConfiguration;
			buildSettings = {
				ASSETCATALOG_COMPILER_APPICON_NAME = AppIcon;
				ASSETCATALOG_COMPILER_GLOBAL_ACCENT_COLOR_NAME = AccentColor;
				CODE_SIGN_ENTITLEMENTS = deau/deau.entitlements;
				"CODE_SIGN_IDENTITY[sdk=iphoneos*]" = "iPhone Developer";
				CODE_SIGN_STYLE = Manual;
				CURRENT_PROJECT_VERSION = 1;
				DEVELOPMENT_ASSET_PATHS = "\"deau/Preview Content\"";
				DEVELOPMENT_TEAM = "";
				"DEVELOPMENT_TEAM[sdk=iphoneos*]" = BR3T8YBB5L;
				ENABLE_PREVIEWS = YES;
				GENERATE_INFOPLIST_FILE = YES;
				INFOPLIST_KEY_UIApplicationSceneManifest_Generation = YES;
				INFOPLIST_KEY_UIApplicationSupportsIndirectInputEvents = YES;
				INFOPLIST_KEY_UILaunchScreen_Generation = YES;
				INFOPLIST_KEY_UISupportedInterfaceOrientations_iPad = "UIInterfaceOrientationPortrait UIInterfaceOrientationPortraitUpsideDown UIInterfaceOrientationLandscapeLeft UIInterfaceOrientationLandscapeRight";
				INFOPLIST_KEY_UISupportedInterfaceOrientations_iPhone = "UIInterfaceOrientationPortrait UIInterfaceOrientationLandscapeLeft UIInterfaceOrientationLandscapeRight";
				LD_RUNPATH_SEARCH_PATHS = (
					"$(inherited)",
					"@executable_path/Frameworks",
				);
				MARKETING_VERSION = 1.0;
				PRODUCT_BUNDLE_IDENTIFIER = com.gmail.yuukirinnma.deau;
				PRODUCT_NAME = "$(TARGET_NAME)";
				PROVISIONING_PROFILE_SPECIFIER = "";
				"PROVISIONING_PROFILE_SPECIFIER[sdk=iphoneos*]" = NiaunideauProvisioningProfile;
				SWIFT_EMIT_LOC_STRINGS = YES;
				SWIFT_VERSION = 5.0;
				TARGETED_DEVICE_FAMILY = "1,2";
			};
			name = Release;
		};
		D417414E2CF583BC00D4F3D2 /* Debug */ = {
			isa = XCBuildConfiguration;
			buildSettings = {
				ALWAYS_EMBED_SWIFT_STANDARD_LIBRARIES = YES;
				BUNDLE_LOADER = "$(TEST_HOST)";
				CODE_SIGN_STYLE = Automatic;
				CURRENT_PROJECT_VERSION = 1;
				DEVELOPMENT_TEAM = BR3T8YBB5L;
				GENERATE_INFOPLIST_FILE = YES;
				IPHONEOS_DEPLOYMENT_TARGET = 17.0;
				MARKETING_VERSION = 1.0;
				PRODUCT_BUNDLE_IDENTIFIER = com.gmail.yuukirinnma.deauTests;
				PRODUCT_NAME = "$(TARGET_NAME)";
				SWIFT_EMIT_LOC_STRINGS = NO;
				SWIFT_VERSION = 5.0;
				TARGETED_DEVICE_FAMILY = "1,2";
				TEST_HOST = "$(BUILT_PRODUCTS_DIR)/deau.app/$(BUNDLE_EXECUTABLE_FOLDER_PATH)/deau";
			};
			name = Debug;
		};
		D417414F2CF583BC00D4F3D2 /* Release */ = {
			isa = XCBuildConfiguration;
			buildSettings = {
				ALWAYS_EMBED_SWIFT_STANDARD_LIBRARIES = YES;
				BUNDLE_LOADER = "$(TEST_HOST)";
				CODE_SIGN_STYLE = Automatic;
				CURRENT_PROJECT_VERSION = 1;
				DEVELOPMENT_TEAM = BR3T8YBB5L;
				GENERATE_INFOPLIST_FILE = YES;
				IPHONEOS_DEPLOYMENT_TARGET = 17.0;
				MARKETING_VERSION = 1.0;
				PRODUCT_BUNDLE_IDENTIFIER = com.gmail.yuukirinnma.deauTests;
				PRODUCT_NAME = "$(TARGET_NAME)";
				SWIFT_EMIT_LOC_STRINGS = NO;
				SWIFT_VERSION = 5.0;
				TARGETED_DEVICE_FAMILY = "1,2";
				TEST_HOST = "$(BUILT_PRODUCTS_DIR)/deau.app/$(BUNDLE_EXECUTABLE_FOLDER_PATH)/deau";
			};
			name = Release;
		};
		D41741512CF583BC00D4F3D2 /* Debug */ = {
			isa = XCBuildConfiguration;
			buildSettings = {
				ALWAYS_EMBED_SWIFT_STANDARD_LIBRARIES = YES;
				CODE_SIGN_STYLE = Automatic;
				CURRENT_PROJECT_VERSION = 1;
				DEVELOPMENT_TEAM = BR3T8YBB5L;
				GENERATE_INFOPLIST_FILE = YES;
				MARKETING_VERSION = 1.0;
				PRODUCT_BUNDLE_IDENTIFIER = com.gmail.yuukirinnma.deauUITests;
				PRODUCT_NAME = "$(TARGET_NAME)";
				SWIFT_EMIT_LOC_STRINGS = NO;
				SWIFT_VERSION = 5.0;
				TARGETED_DEVICE_FAMILY = "1,2";
				TEST_TARGET_NAME = deau;
			};
			name = Debug;
		};
		D41741522CF583BC00D4F3D2 /* Release */ = {
			isa = XCBuildConfiguration;
			buildSettings = {
				ALWAYS_EMBED_SWIFT_STANDARD_LIBRARIES = YES;
				CODE_SIGN_STYLE = Automatic;
				CURRENT_PROJECT_VERSION = 1;
				DEVELOPMENT_TEAM = BR3T8YBB5L;
				GENERATE_INFOPLIST_FILE = YES;
				MARKETING_VERSION = 1.0;
				PRODUCT_BUNDLE_IDENTIFIER = com.gmail.yuukirinnma.deauUITests;
				PRODUCT_NAME = "$(TARGET_NAME)";
				SWIFT_EMIT_LOC_STRINGS = NO;
				SWIFT_VERSION = 5.0;
				TARGETED_DEVICE_FAMILY = "1,2";
				TEST_TARGET_NAME = deau;
			};
			name = Release;
		};
/* End XCBuildConfiguration section */

/* Begin XCConfigurationList section */
		D41741212CF583B900D4F3D2 /* Build configuration list for PBXProject "deau" */ = {
			isa = XCConfigurationList;
			buildConfigurations = (
				D41741482CF583BC00D4F3D2 /* Debug */,
				D41741492CF583BC00D4F3D2 /* Release */,
			);
			defaultConfigurationIsVisible = 0;
			defaultConfigurationName = Release;
		};
		D417414A2CF583BC00D4F3D2 /* Build configuration list for PBXNativeTarget "deau" */ = {
			isa = XCConfigurationList;
			buildConfigurations = (
				D417414B2CF583BC00D4F3D2 /* Debug */,
				D417414C2CF583BC00D4F3D2 /* Release */,
			);
			defaultConfigurationIsVisible = 0;
			defaultConfigurationName = Release;
		};
		D417414D2CF583BC00D4F3D2 /* Build configuration list for PBXNativeTarget "deauTests" */ = {
			isa = XCConfigurationList;
			buildConfigurations = (
				D417414E2CF583BC00D4F3D2 /* Debug */,
				D417414F2CF583BC00D4F3D2 /* Release */,
			);
			defaultConfigurationIsVisible = 0;
			defaultConfigurationName = Release;
		};
		D41741502CF583BC00D4F3D2 /* Build configuration list for PBXNativeTarget "deauUITests" */ = {
			isa = XCConfigurationList;
			buildConfigurations = (
				D41741512CF583BC00D4F3D2 /* Debug */,
				D41741522CF583BC00D4F3D2 /* Release */,
			);
			defaultConfigurationIsVisible = 0;
			defaultConfigurationName = Release;
		};
/* End XCConfigurationList section */

/* Begin XCRemoteSwiftPackageReference section */
		D486C9C02CF686D100FE2FF9 /* XCRemoteSwiftPackageReference "firebase-ios-sdk" */ = {
			isa = XCRemoteSwiftPackageReference;
			repositoryURL = "https://github.com/firebase/firebase-ios-sdk";
			requirement = {
				kind = upToNextMajorVersion;
				minimumVersion = 11.5.0;
			};
		};
		D486C9D02CF696DE00FE2FF9 /* XCRemoteSwiftPackageReference "firebase-ios-sdk" */ = {
			isa = XCRemoteSwiftPackageReference;
			repositoryURL = "https://github.com/firebase/firebase-ios-sdk";
			requirement = {
				kind = upToNextMajorVersion;
				minimumVersion = 11.5.0;
			};
		};
		D486C9E32CF69A5F00FE2FF9 /* XCRemoteSwiftPackageReference "Alamofire" */ = {
			isa = XCRemoteSwiftPackageReference;
			repositoryURL = "https://github.com/Alamofire/Alamofire.git";
			requirement = {
				kind = upToNextMajorVersion;
				minimumVersion = 5.10.2;
			};
		};
/* End XCRemoteSwiftPackageReference section */

/* Begin XCSwiftPackageProductDependency section */
		D486C9C12CF686D100FE2FF9 /* FirebaseAnalytics */ = {
			isa = XCSwiftPackageProductDependency;
			package = D486C9C02CF686D100FE2FF9 /* XCRemoteSwiftPackageReference "firebase-ios-sdk" */;
			productName = FirebaseAnalytics;
		};
		D486C9C32CF686D100FE2FF9 /* FirebaseAnalyticsOnDeviceConversion */ = {
			isa = XCSwiftPackageProductDependency;
			package = D486C9C02CF686D100FE2FF9 /* XCRemoteSwiftPackageReference "firebase-ios-sdk" */;
			productName = FirebaseAnalyticsOnDeviceConversion;
		};
		D486C9C52CF686D100FE2FF9 /* FirebaseAnalyticsWithoutAdIdSupport */ = {
			isa = XCSwiftPackageProductDependency;
			package = D486C9C02CF686D100FE2FF9 /* XCRemoteSwiftPackageReference "firebase-ios-sdk" */;
			productName = FirebaseAnalyticsWithoutAdIdSupport;
		};
		D486C9C72CF686D100FE2FF9 /* FirebaseAppCheck */ = {
			isa = XCSwiftPackageProductDependency;
			package = D486C9C02CF686D100FE2FF9 /* XCRemoteSwiftPackageReference "firebase-ios-sdk" */;
			productName = FirebaseAppCheck;
		};
		D486C9C92CF686D100FE2FF9 /* FirebaseAppDistribution-Beta */ = {
			isa = XCSwiftPackageProductDependency;
			package = D486C9C02CF686D100FE2FF9 /* XCRemoteSwiftPackageReference "firebase-ios-sdk" */;
			productName = "FirebaseAppDistribution-Beta";
		};
		D486C9D12CF696DE00FE2FF9 /* FirebaseAnalytics */ = {
			isa = XCSwiftPackageProductDependency;
			package = D486C9D02CF696DE00FE2FF9 /* XCRemoteSwiftPackageReference "firebase-ios-sdk" */;
			productName = FirebaseAnalytics;
		};
		D486C9D32CF696DE00FE2FF9 /* FirebaseAuth */ = {
			isa = XCSwiftPackageProductDependency;
			package = D486C9D02CF696DE00FE2FF9 /* XCRemoteSwiftPackageReference "firebase-ios-sdk" */;
			productName = FirebaseAuth;
		};
		D486C9D52CF696DE00FE2FF9 /* FirebaseCore */ = {
			isa = XCSwiftPackageProductDependency;
			package = D486C9D02CF696DE00FE2FF9 /* XCRemoteSwiftPackageReference "firebase-ios-sdk" */;
			productName = FirebaseCore;
		};
		D486C9D72CF696DE00FE2FF9 /* FirebaseDynamicLinks */ = {
			isa = XCSwiftPackageProductDependency;
			package = D486C9D02CF696DE00FE2FF9 /* XCRemoteSwiftPackageReference "firebase-ios-sdk" */;
			productName = FirebaseDynamicLinks;
		};
		D486C9D92CF696DE00FE2FF9 /* FirebaseFirestore */ = {
			isa = XCSwiftPackageProductDependency;
			package = D486C9D02CF696DE00FE2FF9 /* XCRemoteSwiftPackageReference "firebase-ios-sdk" */;
			productName = FirebaseFirestore;
		};
		D486C9DB2CF696DE00FE2FF9 /* FirebaseMessaging */ = {
			isa = XCSwiftPackageProductDependency;
			package = D486C9D02CF696DE00FE2FF9 /* XCRemoteSwiftPackageReference "firebase-ios-sdk" */;
			productName = FirebaseMessaging;
		};
		D486C9DD2CF696DE00FE2FF9 /* FirebaseStorage */ = {
			isa = XCSwiftPackageProductDependency;
			package = D486C9D02CF696DE00FE2FF9 /* XCRemoteSwiftPackageReference "firebase-ios-sdk" */;
			productName = FirebaseStorage;
		};
		D486C9E42CF69A5F00FE2FF9 /* Alamofire */ = {
			isa = XCSwiftPackageProductDependency;
			package = D486C9E32CF69A5F00FE2FF9 /* XCRemoteSwiftPackageReference "Alamofire" */;
			productName = Alamofire;
		};
/* End XCSwiftPackageProductDependency section */
	};
	rootObject = D417411E2CF583B900D4F3D2 /* Project object */;
}
